
Microsoft Visual Studio Solution File, Format Version 12.00
# Visual Studio 15
VisualStudioVersion = 15.0.28307.271
MinimumVisualStudioVersion = 10.0.40219.1
Project("{8BC9CEB8-8B4A-11D0-8D11-00A0C91BC942}") = "ShellSimulationLinux", "ShellSimulationLinux\ShellSimulationLinux.vcxproj", "{CE5D57C7-07FA-486F-AE31-54ADEB444999}"
EndProject
Global
	GlobalSection(SolutionConfigurationPlatforms) = preSolution
		Debug|x64 = Debug|x64
		Debug|x86 = Debug|x86
		Release|x64 = Release|x64
		Release|x86 = Release|x86
	EndGlobalSection
	GlobalSection(ProjectConfigurationPlatforms) = postSolution
		{CE5D57C7-07FA-486F-AE31-54ADEB444999}.Debug|x64.ActiveCfg = Debug|x64
		{CE5D57C7-07FA-486F-AE31-54ADEB444999}.Debug|x64.Build.0 = Debug|x64
		{CE5D57C7-07FA-486F-AE31-54ADEB444999}.Debug|x86.ActiveCfg = Debug|Win32
		{CE5D57C7-07FA-486F-AE31-54ADEB444999}.Debug|x86.Build.0 = Debug|Win32
		{CE5D57C7-07FA-486F-AE31-54ADEB444999}.Release|x64.ActiveCfg = Release|x64
		{CE5D57C7-07FA-486F-AE31-54ADEB444999}.Release|x64.Build.0 = Release|x64
		{CE5D57C7-07FA-486F-AE31-54ADEB444999}.Release|x86.ActiveCfg = Release|Win32
		{CE5D57C7-07FA-486F-AE31-54ADEB444999}.Release|x86.Build.0 = Release|Win32
	EndGlobalSection
	GlobalSection(SolutionProperties) = preSolution
		HideSolutionNode = FALSE
	EndGlobalSection
	GlobalSection(ExtensibilityGlobals) = postSolution
		SolutionGuid = {AFFFF62A-3C0A-430C-A759-7E02805C4A8D}
	EndGlobalSection
EndGlobal
